
Microsoft Visual Studio Solution File, Format Version 12.00
# Visual Studio 14
VisualStudioVersion = 14.0.25420.1
MinimumVisualStudioVersion = 10.0.40219.1
Project("{2150E333-8FDC-42A3-9474-1A3956D46DE8}") = "Models", "Models", "{B7BA2777-28D3-4B8E-BC4A-B2D303F3DE3C}"
	ProjectSection(SolutionItems) = preProject
		..\src\Model\ClientModel\ClientModel.csproj = ..\src\Model\ClientModel\ClientModel.csproj
		..\src\Model\Model\Model.csproj = ..\src\Model\Model\Model.csproj
		..\src\Model\ServerModel\ServerModel.csproj = ..\src\Model\ServerModel\ServerModel.csproj
	EndProjectSection
EndProject
Project("{2150E333-8FDC-42A3-9474-1A3956D46DE8}") = "Unit-Tests", "Unit-Tests", "{FDFA5761-62EA-4B58-A5EE-288C6FB41C70}"
EndProject
Project("{2150E333-8FDC-42A3-9474-1A3956D46DE8}") = "View", "View", "{658A38B4-ADCA-46D5-B193-9D4BD707EDE0}"
	ProjectSection(SolutionItems) = preProject
		..\src\View\LinuxClient\LinuxClient.csproj = ..\src\View\LinuxClient\LinuxClient.csproj
	EndProjectSection
EndProject
Global
	GlobalSection(SolutionProperties) = preSolution
		HideSolutionNode = FALSE
	EndGlobalSection
EndGlobal
