
Microsoft Visual Studio Solution File, Format Version 12.00
# Visual Studio 14
VisualStudioVersion = 14.0.25420.1
MinimumVisualStudioVersion = 10.0.40219.1
Project("{2150E333-8FDC-42A3-9474-1A3956D46DE8}") = "View", "View", "{755B531B-0784-4453-9C57-E1E546682911}"
EndProject
Project("{FAE04EC0-301F-11D3-BF4B-00C04F79EFBC}") = "WindowsClient", "..\src\View\WindowsClient\WindowsClient.csproj", "{FE2B1DEE-B6E0-4ECB-BAB7-896A1BD154F0}"
EndProject
Project("{2150E333-8FDC-42A3-9474-1A3956D46DE8}") = "Model", "Model", "{F3D9D2D0-682D-4E9C-A51A-0F3BBC5AA4A5}"
EndProject
Project("{FAE04EC0-301F-11D3-BF4B-00C04F79EFBC}") = "Model", "..\src\Model\Model\Model.csproj", "{99C600C9-D31F-45C9-9E09-55059AF65DA1}"
EndProject
Project("{FAE04EC0-301F-11D3-BF4B-00C04F79EFBC}") = "ServerModel", "..\src\Model\ServerModel\ServerModel.csproj", "{DDE60809-D767-4551-A3DC-B7432E6D4F26}"
EndProject
Project("{FAE04EC0-301F-11D3-BF4B-00C04F79EFBC}") = "ClientModel", "..\src\Model\ClientModel\ClientModel.csproj", "{DBF7E81B-5BC7-4D86-9628-A824980115B9}"
EndProject
Project("{2150E333-8FDC-42A3-9474-1A3956D46DE8}") = "UnitTests", "UnitTests", "{5A06DECD-B013-4023-B2CA-F6F8CDE62BC6}"
EndProject
Project("{FAE04EC0-301F-11D3-BF4B-00C04F79EFBC}") = "TestModel", "..\src\UnitTests\TestModel\TestModel.csproj", "{B082C528-819A-4A59-A0C2-BCABAA3E51F9}"
EndProject
Project("{FAE04EC0-301F-11D3-BF4B-00C04F79EFBC}") = "TestClientModel", "..\src\UnitTests\TestClientModel\TestClientModel.csproj", "{22B5A8E4-DDA3-4940-A891-1B5DD0E6ABF5}"
EndProject
Project("{FAE04EC0-301F-11D3-BF4B-00C04F79EFBC}") = "TestServerModel", "..\src\UnitTests\TestServerModel\TestServerModel.csproj", "{FC685685-14D9-4313-8F9C-D3F479B7B797}"
EndProject
Global
	GlobalSection(SolutionConfigurationPlatforms) = preSolution
		Debug|Any CPU = Debug|Any CPU
		Release|Any CPU = Release|Any CPU
	EndGlobalSection
	GlobalSection(ProjectConfigurationPlatforms) = postSolution
		{FE2B1DEE-B6E0-4ECB-BAB7-896A1BD154F0}.Debug|Any CPU.ActiveCfg = Debug|Any CPU
		{FE2B1DEE-B6E0-4ECB-BAB7-896A1BD154F0}.Debug|Any CPU.Build.0 = Debug|Any CPU
		{FE2B1DEE-B6E0-4ECB-BAB7-896A1BD154F0}.Release|Any CPU.ActiveCfg = Release|Any CPU
		{FE2B1DEE-B6E0-4ECB-BAB7-896A1BD154F0}.Release|Any CPU.Build.0 = Release|Any CPU
		{99C600C9-D31F-45C9-9E09-55059AF65DA1}.Debug|Any CPU.ActiveCfg = Debug|Any CPU
		{99C600C9-D31F-45C9-9E09-55059AF65DA1}.Debug|Any CPU.Build.0 = Debug|Any CPU
		{99C600C9-D31F-45C9-9E09-55059AF65DA1}.Release|Any CPU.ActiveCfg = Release|Any CPU
		{99C600C9-D31F-45C9-9E09-55059AF65DA1}.Release|Any CPU.Build.0 = Release|Any CPU
		{DDE60809-D767-4551-A3DC-B7432E6D4F26}.Debug|Any CPU.ActiveCfg = Debug|Any CPU
		{DDE60809-D767-4551-A3DC-B7432E6D4F26}.Debug|Any CPU.Build.0 = Debug|Any CPU
		{DDE60809-D767-4551-A3DC-B7432E6D4F26}.Release|Any CPU.ActiveCfg = Release|Any CPU
		{DDE60809-D767-4551-A3DC-B7432E6D4F26}.Release|Any CPU.Build.0 = Release|Any CPU
		{DBF7E81B-5BC7-4D86-9628-A824980115B9}.Debug|Any CPU.ActiveCfg = Debug|Any CPU
		{DBF7E81B-5BC7-4D86-9628-A824980115B9}.Debug|Any CPU.Build.0 = Debug|Any CPU
		{DBF7E81B-5BC7-4D86-9628-A824980115B9}.Release|Any CPU.ActiveCfg = Release|Any CPU
		{DBF7E81B-5BC7-4D86-9628-A824980115B9}.Release|Any CPU.Build.0 = Release|Any CPU
		{B082C528-819A-4A59-A0C2-BCABAA3E51F9}.Debug|Any CPU.ActiveCfg = Debug|Any CPU
		{B082C528-819A-4A59-A0C2-BCABAA3E51F9}.Debug|Any CPU.Build.0 = Debug|Any CPU
		{B082C528-819A-4A59-A0C2-BCABAA3E51F9}.Release|Any CPU.ActiveCfg = Release|Any CPU
		{B082C528-819A-4A59-A0C2-BCABAA3E51F9}.Release|Any CPU.Build.0 = Release|Any CPU
		{22B5A8E4-DDA3-4940-A891-1B5DD0E6ABF5}.Debug|Any CPU.ActiveCfg = Debug|Any CPU
		{22B5A8E4-DDA3-4940-A891-1B5DD0E6ABF5}.Debug|Any CPU.Build.0 = Debug|Any CPU
		{22B5A8E4-DDA3-4940-A891-1B5DD0E6ABF5}.Release|Any CPU.ActiveCfg = Release|Any CPU
		{22B5A8E4-DDA3-4940-A891-1B5DD0E6ABF5}.Release|Any CPU.Build.0 = Release|Any CPU
		{FC685685-14D9-4313-8F9C-D3F479B7B797}.Debug|Any CPU.ActiveCfg = Debug|Any CPU
		{FC685685-14D9-4313-8F9C-D3F479B7B797}.Debug|Any CPU.Build.0 = Debug|Any CPU
		{FC685685-14D9-4313-8F9C-D3F479B7B797}.Release|Any CPU.ActiveCfg = Release|Any CPU
		{FC685685-14D9-4313-8F9C-D3F479B7B797}.Release|Any CPU.Build.0 = Release|Any CPU
	EndGlobalSection
	GlobalSection(SolutionProperties) = preSolution
		HideSolutionNode = FALSE
	EndGlobalSection
	GlobalSection(NestedProjects) = preSolution
		{FE2B1DEE-B6E0-4ECB-BAB7-896A1BD154F0} = {755B531B-0784-4453-9C57-E1E546682911}
		{99C600C9-D31F-45C9-9E09-55059AF65DA1} = {F3D9D2D0-682D-4E9C-A51A-0F3BBC5AA4A5}
		{DDE60809-D767-4551-A3DC-B7432E6D4F26} = {F3D9D2D0-682D-4E9C-A51A-0F3BBC5AA4A5}
		{DBF7E81B-5BC7-4D86-9628-A824980115B9} = {F3D9D2D0-682D-4E9C-A51A-0F3BBC5AA4A5}
		{B082C528-819A-4A59-A0C2-BCABAA3E51F9} = {5A06DECD-B013-4023-B2CA-F6F8CDE62BC6}
		{22B5A8E4-DDA3-4940-A891-1B5DD0E6ABF5} = {5A06DECD-B013-4023-B2CA-F6F8CDE62BC6}
		{FC685685-14D9-4313-8F9C-D3F479B7B797} = {5A06DECD-B013-4023-B2CA-F6F8CDE62BC6}
	EndGlobalSection
EndGlobal
